
Microsoft Visual Studio Solution File, Format Version 12.00
# Visual Studio Version 17
VisualStudioVersion = 17.8.34525.116
MinimumVisualStudioVersion = 10.0.40219.1
Project("{9A19103F-16F7-4668-BE54-9A1E7A4F7556}") = "TestTask", "TestTask\TestTask.csproj", "{D8215DED-4184-4DCE-9815-A30DA9E4C1A8}"
EndProject
Project("{9A19103F-16F7-4668-BE54-9A1E7A4F7556}") = "ConsoleApp", "ConsoleApp\ConsoleApp.csproj", "{1A2D25F4-D469-4EEB-9FD5-E9CA8936A1D7}"
EndProject
Project("{FAE04EC0-301F-11D3-BF4B-00C04F79EFBC}") = "TestTask.Tests", "TestTask.Tests\TestTask.Tests.csproj", "{FF7D8563-2E4A-4CC0-964C-7D1E44453518}"
EndProject
Global
	GlobalSection(SolutionConfigurationPlatforms) = preSolution
		Debug|Any CPU = Debug|Any CPU
		Release|Any CPU = Release|Any CPU
	EndGlobalSection
	GlobalSection(ProjectConfigurationPlatforms) = postSolution
		{D8215DED-4184-4DCE-9815-A30DA9E4C1A8}.Debug|Any CPU.ActiveCfg = Debug|Any CPU
		{D8215DED-4184-4DCE-9815-A30DA9E4C1A8}.Debug|Any CPU.Build.0 = Debug|Any CPU
		{D8215DED-4184-4DCE-9815-A30DA9E4C1A8}.Release|Any CPU.ActiveCfg = Release|Any CPU
		{D8215DED-4184-4DCE-9815-A30DA9E4C1A8}.Release|Any CPU.Build.0 = Release|Any CPU
		{1A2D25F4-D469-4EEB-9FD5-E9CA8936A1D7}.Debug|Any CPU.ActiveCfg = Debug|Any CPU
		{1A2D25F4-D469-4EEB-9FD5-E9CA8936A1D7}.Debug|Any CPU.Build.0 = Debug|Any CPU
		{1A2D25F4-D469-4EEB-9FD5-E9CA8936A1D7}.Release|Any CPU.ActiveCfg = Release|Any CPU
		{1A2D25F4-D469-4EEB-9FD5-E9CA8936A1D7}.Release|Any CPU.Build.0 = Release|Any CPU
		{FF7D8563-2E4A-4CC0-964C-7D1E44453518}.Debug|Any CPU.ActiveCfg = Debug|Any CPU
		{FF7D8563-2E4A-4CC0-964C-7D1E44453518}.Debug|Any CPU.Build.0 = Debug|Any CPU
		{FF7D8563-2E4A-4CC0-964C-7D1E44453518}.Release|Any CPU.ActiveCfg = Release|Any CPU
		{FF7D8563-2E4A-4CC0-964C-7D1E44453518}.Release|Any CPU.Build.0 = Release|Any CPU
	EndGlobalSection
	GlobalSection(SolutionProperties) = preSolution
		HideSolutionNode = FALSE
	EndGlobalSection
	GlobalSection(ExtensibilityGlobals) = postSolution
		SolutionGuid = {C712BC2E-AD64-4C65-8C7A-301796965085}
	EndGlobalSection
EndGlobal
